Microsoft Visual Studio Solution File, Format Version 12.00
# Visual Studio 15
VisualStudioVersion = 15.0.26430.16
MinimumVisualStudioVersion = 15.0.26124.0
Project("{FAE04EC0-301F-11D3-BF4B-00C04F79EFBC}") = "OctopusDemo", "OctopusDemo\OctopusDemo.csproj", "{9764CB2D-5F18-4357-9182-79C1E125E357}"
EndProject
Global
	GlobalSection(SolutionConfigurationPlatforms) = preSolution
		Debug|Any CPU = Debug|Any CPU
		Release|Any CPU = Release|Any CPU
	EndGlobalSection
	GlobalSection(ProjectConfigurationPlatforms) = postSolution
		{9764CB2D-5F18-4357-9182-79C1E125E357}.Debug|Any CPU.ActiveCfg = Debug|Any CPU
		{9764CB2D-5F18-4357-9182-79C1E125E357}.Debug|Any CPU.Build.0 = Debug|Any CPU
		{9764CB2D-5F18-4357-9182-79C1E125E357}.Release|Any CPU.ActiveCfg = Release|Any CPU
		{9764CB2D-5F18-4357-9182-79C1E125E357}.Release|Any CPU.Build.0 = Release|Any CPU
	EndGlobalSection
	GlobalSection(SolutionProperties) = preSolution
		HideSolutionNode = FALSE
	EndGlobalSection
EndGlobal
